
Microsoft Visual Studio Solution File, Format Version 11.00
# Visual Studio 2010
Project("{FAE04EC0-301F-11D3-BF4B-00C04F79EFBC}") = "PDFSender", "PDFSender\PDFSender.csproj", "{A58DEC63-492F-407C-A806-FCB3DA3C7916}"
EndProject
Global
	GlobalSection(SolutionConfigurationPlatforms) = preSolution
		Debug|x86 = Debug|x86
		Release|x86 = Release|x86
	EndGlobalSection
	GlobalSection(ProjectConfigurationPlatforms) = postSolution
		{A58DEC63-492F-407C-A806-FCB3DA3C7916}.Debug|x86.ActiveCfg = Debug|x86
		{A58DEC63-492F-407C-A806-FCB3DA3C7916}.Debug|x86.Build.0 = Debug|x86
		{A58DEC63-492F-407C-A806-FCB3DA3C7916}.Release|x86.ActiveCfg = Release|x86
		{A58DEC63-492F-407C-A806-FCB3DA3C7916}.Release|x86.Build.0 = Release|x86
	EndGlobalSection
	GlobalSection(SolutionProperties) = preSolution
		HideSolutionNode = FALSE
	EndGlobalSection
EndGlobal
